// !$*UTF8*$!
{
	archiveVersion = 1;
	classes = {
	};
	objectVersion = 55;
	objects = {

/* Begin PBXBuildFile section */
		6310931E27E5D5EB008B3CAF /* AppDelegate.swift in Sources */ = {isa = PBXBuildFile; fileRef = 6310931D27E5D5EB008B3CAF /* AppDelegate.swift */; };
		6310932027E5D5EB008B3CAF /* SceneDelegate.swift in Sources */ = {isa = PBXBuildFile; fileRef = 6310931F27E5D5EB008B3CAF /* SceneDelegate.swift */; };
		6310932227E5D5EB008B3CAF /* ToDoListViewcontroller.swift in Sources */ = {isa = PBXBuildFile; fileRef = 6310932127E5D5EB008B3CAF /* ToDoListViewcontroller.swift */; };
		6310932527E5D5EB008B3CAF /* Main.storyboard in Resources */ = {isa = PBXBuildFile; fileRef = 6310932327E5D5EB008B3CAF /* Main.storyboard */; };
		6310932727E5D5EB008B3CAF /* Assets.xcassets in Resources */ = {isa = PBXBuildFile; fileRef = 6310932627E5D5EB008B3CAF /* Assets.xcassets */; };
		6310932A27E5D5EB008B3CAF /* LaunchScreen.storyboard in Resources */ = {isa = PBXBuildFile; fileRef = 6310932827E5D5EB008B3CAF /* LaunchScreen.storyboard */; };
		6310933227E72441008B3CAF /* Item.swift in Sources */ = {isa = PBXBuildFile; fileRef = 6310933127E72441008B3CAF /* Item.swift */; };
/* End PBXBuildFile section */

/* Begin PBXFileReference section */
		6310931A27E5D5EB008B3CAF /* ShortMemo.app */ = {isa = PBXFileReference; explicitFileType = wrapper.application; includeInIndex = 0; path = ShortMemo.app; sourceTree = BUILT_PRODUCTS_DIR; };
		6310931D27E5D5EB008B3CAF /* AppDelegate.swift */ = {isa = PBXFileReference; lastKnownFileType = sourcecode.swift; path = AppDelegate.swift; sourceTree = "<group>"; };
		6310931F27E5D5EB008B3CAF /* SceneDelegate.swift */ = {isa = PBXFileReference; lastKnownFileType = sourcecode.swift; path = SceneDelegate.swift; sourceTree = "<group>"; };
		6310932127E5D5EB008B3CAF /* ToDoListViewcontroller.swift */ = {isa = PBXFileReference; lastKnownFileType = sourcecode.swift; path = ToDoListViewcontroller.swift; sourceTree = "<group>"; };
		6310932427E5D5EB008B3CAF /* Base */ = {isa = PBXFileReference; lastKnownFileType = file.storyboard; name = Base; path = Base.lproj/Main.storyboard; sourceTree = "<group>"; };
		6310932627E5D5EB008B3CAF /* Assets.xcassets */ = {isa = PBXFileReference; lastKnownFileType = folder.assetcatalog; path = Assets.xcassets; sourceTree = "<group>"; };
		6310932927E5D5EB008B3CAF /* Base */ = {isa = PBXFileReference; lastKnownFileType = file.storyboard; name = Base; path = Base.lproj/LaunchScreen.storyboard; sourceTree = "<group>"; };
		6310932B27E5D5EB008B3CAF /* Info.plist */ = {isa = PBXFileReference; lastKnownFileType = text.plist.xml; path = Info.plist; sourceTree = "<group>"; };
		6310933127E72441008B3CAF /* Item.swift */ = {isa = PBXFileReference; lastKnownFileType = sourcecode.swift; path = Item.swift; sourceTree = "<group>"; };
/* End PBXFileReference section */

/* Begin PBXFrameworksBuildPhase section */
		6310931727E5D5EB008B3CAF /* Frameworks */ = {
			isa = PBXFrameworksBuildPhase;
			buildActionMask = 2147483647;
			files = (
			);
			runOnlyForDeploymentPostprocessing = 0;
		};
/* End PBXFrameworksBuildPhase section */

/* Begin PBXGroup section */
		6310931127E5D5EB008B3CAF = {
			isa = PBXGroup;
			children = (
				6310931C27E5D5EB008B3CAF /* ShortMemo */,
				6310931B27E5D5EB008B3CAF /* Products */,
			);
			sourceTree = "<group>";
		};
		6310931B27E5D5EB008B3CAF /* Products */ = {
			isa = PBXGroup;
			children = (
				6310931A27E5D5EB008B3CAF /* ShortMemo.app */,
			);
			name = Products;
			sourceTree = "<group>";
		};
		6310931C27E5D5EB008B3CAF /* ShortMemo */ = {
			isa = PBXGroup;
			children = (
				6310931D27E5D5EB008B3CAF /* AppDelegate.swift */,
				6310931F27E5D5EB008B3CAF /* SceneDelegate.swift */,
				6310932B27E5D5EB008B3CAF /* Info.plist */,
				6310933427E724AB008B3CAF /* Controllers */,
				6310933327E724A2008B3CAF /* DataModel */,
				6310933527E724BE008B3CAF /* Views */,
				6310933627E724CE008B3CAF /* SupportingFiles */,
			);
			path = ShortMemo;
			sourceTree = "<group>";
		};
		6310933327E724A2008B3CAF /* DataModel */ = {
			isa = PBXGroup;
			children = (
				6310933127E72441008B3CAF /* Item.swift */,
			);
			path = DataModel;
			sourceTree = "<group>";
		};
		6310933427E724AB008B3CAF /* Controllers */ = {
			isa = PBXGroup;
			children = (
				6310932127E5D5EB008B3CAF /* ToDoListViewcontroller.swift */,
			);
			path = Controllers;
			sourceTree = "<group>";
		};
		6310933527E724BE008B3CAF /* Views */ = {
			isa = PBXGroup;
			children = (
				6310932327E5D5EB008B3CAF /* Main.storyboard */,
			);
			path = Views;
			sourceTree = "<group>";
		};
		6310933627E724CE008B3CAF /* SupportingFiles */ = {
			isa = PBXGroup;
			children = (
				6310932827E5D5EB008B3CAF /* LaunchScreen.storyboard */,
				6310932627E5D5EB008B3CAF /* Assets.xcassets */,
			);
			path = SupportingFiles;
			sourceTree = "<group>";
		};
/* End PBXGroup section */

/* Begin PBXNativeTarget section */
		6310931927E5D5EB008B3CAF /* ShortMemo */ = {
			isa = PBXNativeTarget;
			buildConfigurationList = 6310932E27E5D5EB008B3CAF /* Build configuration list for PBXNativeTarget "ShortMemo" */;
			buildPhases = (
				6310931627E5D5EB008B3CAF /* Sources */,
				6310931727E5D5EB008B3CAF /* Frameworks */,
				6310931827E5D5EB008B3CAF /* Resources */,
			);
			buildRules = (
			);
			dependencies = (
			);
			name = ShortMemo;
			productName = ShortMemo;
			productReference = 6310931A27E5D5EB008B3CAF /* ShortMemo.app */;
			productType = "com.apple.product-type.application";
		};
/* End PBXNativeTarget section */

/* Begin PBXProject section */
		6310931227E5D5EB008B3CAF /* Project object */ = {
			isa = PBXProject;
			attributes = {
				BuildIndependentTargetsInParallel = 1;
				LastSwiftUpdateCheck = 1310;
				LastUpgradeCheck = 1310;
				TargetAttributes = {
					6310931927E5D5EB008B3CAF = {
						CreatedOnToolsVersion = 13.1;
					};
				};
			};
			buildConfigurationList = 6310931527E5D5EB008B3CAF /* Build configuration list for PBXProject "ShortMemo" */;
			compatibilityVersion = "Xcode 13.0";
			developmentRegion = en;
			hasScannedForEncodings = 0;
			knownRegions = (
				en,
				Base,
			);
			mainGroup = 6310931127E5D5EB008B3CAF;
			productRefGroup = 6310931B27E5D5EB008B3CAF /* Products */;
			projectDirPath = "";
			projectRoot = "";
			targets = (
				6310931927E5D5EB008B3CAF /* ShortMemo */,
			);
		};
/* End PBXProject section */

/* Begin PBXResourcesBuildPhase section */
		6310931827E5D5EB008B3CAF /* Resources */ = {
			isa = PBXResourcesBuildPhase;
			buildActionMask = 2147483647;
			files = (
				6310932A27E5D5EB008B3CAF /* LaunchScreen.storyboard in Resources */,
				6310932727E5D5EB008B3CAF /* Assets.xcassets in Resources */,
				6310932527E5D5EB008B3CAF /* Main.storyboard in Resources */,
			);
			runOnlyForDeploymentPostprocessing = 0;
		};
/* End PBXResourcesBuildPhase section */

/* Begin PBXSourcesBuildPhase section */
		6310931627E5D5EB008B3CAF /* Sources */ = {
			isa = PBXSourcesBuildPhase;
			buildActionMask = 2147483647;
			files = (
				6310933227E72441008B3CAF /* Item.swift in Sources */,
				6310932227E5D5EB008B3CAF /* ToDoListViewcontroller.swift in Sources */,
				6310931E27E5D5EB008B3CAF /* AppDelegate.swift in Sources */,
				6310932027E5D5EB008B3CAF /* SceneDelegate.swift in Sources */,
			);
			runOnlyForDeploymentPostprocessing = 0;
		};
/* End PBXSourcesBuildPhase section */

/* Begin PBXVariantGroup section */
		6310932327E5D5EB008B3CAF /* Main.storyboard */ = {
			isa = PBXVariantGroup;
			children = (
				6310932427E5D5EB008B3CAF /* Base */,
			);
			name = Main.storyboard;
			sourceTree = "<group>";
		};
		6310932827E5D5EB008B3CAF /* LaunchScreen.storyboard */ = {
			isa = PBXVariantGroup;
			children = (
				6310932927E5D5EB008B3CAF /* Base */,
			);
			name = LaunchScreen.storyboard;
			sourceTree = "<group>";
		};
/* End PBXVariantGroup section */

/* Begin XCBuildConfiguration section */
		6310932C27E5D5EB008B3CAF /* Debug */ = {
			isa = XCBuildConfiguration;
			buildSettings = {
				ALWAYS_SEARCH_USER_PATHS = NO;
				CLANG_ANALYZER_NONNULL = YES;
				CLANG_ANALYZER_NUMBER_OBJECT_CONVERSION = YES_AGGRESSIVE;
				CLANG_CXX_LANGUAGE_STANDARD = "gnu++17";
				CLANG_CXX_LIBRARY = "libc++";
				CLANG_ENABLE_MODULES = YES;
				CLANG_ENABLE_OBJC_ARC = YES;
				CLANG_ENABLE_OBJC_WEAK = YES;
				CLANG_WARN_BLOCK_CAPTURE_AUTORELEASING = YES;
				CLANG_WARN_BOOL_CONVERSION = YES;
				CLANG_WARN_COMMA = YES;
				CLANG_WARN_CONSTANT_CONVERSION = YES;
				CLANG_WARN_DEPRECATED_OBJC_IMPLEMENTATIONS = YES;
				CLANG_WARN_DIRECT_OBJC_ISA_USAGE = YES_ERROR;
				CLANG_WARN_DOCUMENTATION_COMMENTS = YES;
				CLANG_WARN_EMPTY_BODY = YES;
				CLANG_WARN_ENUM_CONVERSION = YES;
				CLANG_WARN_INFINITE_RECURSION = YES;
				CLANG_WARN_INT_CONVERSION = YES;
				CLANG_WARN_NON_LITERAL_NULL_CONVERSION = YES;
				CLANG_WARN_OBJC_IMPLICIT_RETAIN_SELF = YES;
				CLANG_WARN_OBJC_LITERAL_CONVERSION = YES;
				CLANG_WARN_OBJC_ROOT_CLASS = YES_ERROR;
				CLANG_WARN_QUOTED_INCLUDE_IN_FRAMEWORK_HEADER = YES;
				CLANG_WARN_RANGE_LOOP_ANALYSIS = YES;
				CLANG_WARN_STRICT_PROTOTYPES = YES;
				CLANG_WARN_SUSPICIOUS_MOVE = YES;
				CLANG_WARN_UNGUARDED_AVAILABILITY = YES_AGGRESSIVE;
				CLANG_WARN_UNREACHABLE_CODE = YES;
				CLANG_WARN__DUPLICATE_METHOD_MATCH = YES;
				COPY_PHASE_STRIP = NO;
				DEBUG_INFORMATION_FORMAT = dwarf;
				ENABLE_STRICT_OBJC_MSGSEND = YES;
				ENABLE_TESTABILITY = YES;
				GCC_C_LANGUAGE_STANDARD = gnu11;
				GCC_DYNAMIC_NO_PIC = NO;
				GCC_NO_COMMON_BLOCKS = YES;
				GCC_OPTIMIZATION_LEVEL = 0;
				GCC_PREPROCESSOR_DEFINITIONS = (
					"DEBUG=1",
					"$(inherited)",
				);
				GCC_WARN_64_TO_32_BIT_CONVERSION = YES;
				GCC_WARN_ABOUT_RETURN_TYPE = YES_ERROR;
				GCC_WARN_UNDECLARED_SELECTOR = YES;
				GCC_WARN_UNINITIALIZED_AUTOS = YES_AGGRESSIVE;
				GCC_WARN_UNUSED_FUNCTION = YES;
				GCC_WARN_UNUSED_VARIABLE = YES;
				IPHONEOS_DEPLOYMENT_TARGET = 15.0;
				MTL_ENABLE_DEBUG_INFO = INCLUDE_SOURCE;
				MTL_FAST_MATH = YES;
				ONLY_ACTIVE_ARCH = YES;
				SDKROOT = iphoneos;
				SWIFT_ACTIVE_COMPILATION_CONDITIONS = DEBUG;
				SWIFT_OPTIMIZATION_LEVEL = "-Onone";
			};
			name = Debug;
		};
		6310932D27E5D5EB008B3CAF /* Release */ = {
			isa = XCBuildConfiguration;
			buildSettings = {
				ALWAYS_SEARCH_USER_PATHS = NO;
				CLANG_ANALYZER_NONNULL = YES;
				CLANG_ANALYZER_NUMBER_OBJECT_CONVERSION = YES_AGGRESSIVE;
				CLANG_CXX_LANGUAGE_STANDARD = "gnu++17";
				CLANG_CXX_LIBRARY = "libc++";
				CLANG_ENABLE_MODULES = YES;
				CLANG_ENABLE_OBJC_ARC = YES;
				CLANG_ENABLE_OBJC_WEAK = YES;
				CLANG_WARN_BLOCK_CAPTURE_AUTORELEASING = YES;
				CLANG_WARN_BOOL_CONVERSION = YES;
				CLANG_WARN_COMMA = YES;
				CLANG_WARN_CONSTANT_CONVERSION = YES;
				CLANG_WARN_DEPRECATED_OBJC_IMPLEMENTATIONS = YES;
				CLANG_WARN_DIRECT_OBJC_ISA_USAGE = YES_ERROR;
				CLANG_WARN_DOCUMENTATION_COMMENTS = YES;
				CLANG_WARN_EMPTY_BODY = YES;
				CLANG_WARN_ENUM_CONVERSION = YES;
				CLANG_WARN_INFINITE_RECURSION = YES;
				CLANG_WARN_INT_CONVERSION = YES;
				CLANG_WARN_NON_LITERAL_NULL_CONVERSION = YES;
				CLANG_WARN_OBJC_IMPLICIT_RETAIN_SELF = YES;
				CLANG_WARN_OBJC_LITERAL_CONVERSION = YES;
				CLANG_WARN_OBJC_ROOT_CLASS = YES_ERROR;
				CLANG_WARN_QUOTED_INCLUDE_IN_FRAMEWORK_HEADER = YES;
				CLANG_WARN_RANGE_LOOP_ANALYSIS = YES;
				CLANG_WARN_STRICT_PROTOTYPES = YES;
				CLANG_WARN_SUSPICIOUS_MOVE = YES;
				CLANG_WARN_UNGUARDED_AVAILABILITY = YES_AGGRESSIVE;
				CLANG_WARN_UNREACHABLE_CODE = YES;
				CLANG_WARN__DUPLICATE_METHOD_MATCH = YES;
				COPY_PHASE_STRIP = NO;
				DEBUG_INFORMATION_FORMAT = "dwarf-with-dsym";
				ENABLE_NS_ASSERTIONS = NO;
				ENABLE_STRICT_OBJC_MSGSEND = YES;
				GCC_C_LANGUAGE_STANDARD = gnu11;
				GCC_NO_COMMON_BLOCKS = YES;
				GCC_WARN_64_TO_32_BIT_CONVERSION = YES;
				GCC_WARN_ABOUT_RETURN_TYPE = YES_ERROR;
				GCC_WARN_UNDECLARED_SELECTOR = YES;
				GCC_WARN_UNINITIALIZED_AUTOS = YES_AGGRESSIVE;
				GCC_WARN_UNUSED_FUNCTION = YES;
				GCC_WARN_UNUSED_VARIABLE = YES;
				IPHONEOS_DEPLOYMENT_TARGET = 15.0;
				MTL_ENABLE_DEBUG_INFO = NO;
				MTL_FAST_MATH = YES;
				SDKROOT = iphoneos;
				SWIFT_COMPILATION_MODE = wholemodule;
				SWIFT_OPTIMIZATION_LEVEL = "-O";
				VALIDATE_PRODUCT = YES;
			};
			name = Release;
		};
		6310932F27E5D5EB008B3CAF /* Debug */ = {
			isa = XCBuildConfiguration;
			buildSettings = {
				ASSETCATALOG_COMPILER_APPICON_NAME = AppIcon;
				ASSETCATALOG_COMPILER_GLOBAL_ACCENT_COLOR_NAME = AccentColor;
				CODE_SIGN_STYLE = Automatic;
				CURRENT_PROJECT_VERSION = 1;
				DEVELOPMENT_TEAM = YZD7BZY478;
				GENERATE_INFOPLIST_FILE = YES;
				INFOPLIST_FILE = ShortMemo/Info.plist;
				INFOPLIST_KEY_UIApplicationSupportsIndirectInputEvents = YES;
				INFOPLIST_KEY_UILaunchStoryboardName = LaunchScreen;
				INFOPLIST_KEY_UIMainStoryboardFile = Main;
				INFOPLIST_KEY_UISupportedInterfaceOrientations = UIInterfaceOrientationPortrait;
				INFOPLIST_KEY_UISupportedInterfaceOrientations_iPad = "UIInterfaceOrientationPortrait UIInterfaceOrientationPortraitUpsideDown UIInterfaceOrientationLandscapeLeft UIInterfaceOrientationLandscapeRight";
				INFOPLIST_KEY_UISupportedInterfaceOrientations_iPhone = "UIInterfaceOrientationPortrait UIInterfaceOrientationLandscapeLeft UIInterfaceOrientationLandscapeRight";
				IPHONEOS_DEPLOYMENT_TARGET = 13.0;
				LD_RUNPATH_SEARCH_PATHS = (
					"$(inherited)",
					"@executable_path/Frameworks",
				);
				MARKETING_VERSION = 1.0;
				PRODUCT_BUNDLE_IDENTIFIER = Chikibamboni.ShortMemo;
				PRODUCT_NAME = "$(TARGET_NAME)";
				SWIFT_EMIT_LOC_STRINGS = YES;
				SWIFT_VERSION = 5.0;
				TARGETED_DEVICE_FAMILY = "1,2";
			};
			name = Debug;
		};
		6310933027E5D5EB008B3CAF /* Release */ = {
			isa = XCBuildConfiguration;
			buildSettings = {
				ASSETCATALOG_COMPILER_APPICON_NAME = AppIcon;
				ASSETCATALOG_COMPILER_GLOBAL_ACCENT_COLOR_NAME = AccentColor;
				CODE_SIGN_STYLE = Automatic;
				CURRENT_PROJECT_VERSION = 1;
				DEVELOPMENT_TEAM = YZD7BZY478;
				GENERATE_INFOPLIST_FILE = YES;
				INFOPLIST_FILE = ShortMemo/Info.plist;
				INFOPLIST_KEY_UIApplicationSupportsIndirectInputEvents = YES;
				INFOPLIST_KEY_UILaunchStoryboardName = LaunchScreen;
				INFOPLIST_KEY_UIMainStoryboardFile = Main;
				INFOPLIST_KEY_UISupportedInterfaceOrientations = UIInterfaceOrientationPortrait;
				INFOPLIST_KEY_UISupportedInterfaceOrientations_iPad = "UIInterfaceOrientationPortrait UIInterfaceOrientationPortraitUpsideDown UIInterfaceOrientationLandscapeLeft UIInterfaceOrientationLandscapeRight";
				INFOPLIST_KEY_UISupportedInterfaceOrientations_iPhone = "UIInterfaceOrientationPortrait UIInterfaceOrientationLandscapeLeft UIInterfaceOrientationLandscapeRight";
				IPHONEOS_DEPLOYMENT_TARGET = 13.0;
				LD_RUNPATH_SEARCH_PATHS = (
					"$(inherited)",
					"@executable_path/Frameworks",
				);
				MARKETING_VERSION = 1.0;
				PRODUCT_BUNDLE_IDENTIFIER = Chikibamboni.ShortMemo;
				PRODUCT_NAME = "$(TARGET_NAME)";
				SWIFT_EMIT_LOC_STRINGS = YES;
				SWIFT_VERSION = 5.0;
				TARGETED_DEVICE_FAMILY = "1,2";
			};
			name = Release;
		};
/* End XCBuildConfiguration section */

/* Begin XCConfigurationList section */
		6310931527E5D5EB008B3CAF /* Build configuration list for PBXProject "ShortMemo" */ = {
			isa = XCConfigurationList;
			buildConfigurations = (
				6310932C27E5D5EB008B3CAF /* Debug */,
				6310932D27E5D5EB008B3CAF /* Release */,
			);
			defaultConfigurationIsVisible = 0;
			defaultConfigurationName = Release;
		};
		6310932E27E5D5EB008B3CAF /* Build configuration list for PBXNativeTarget "ShortMemo" */ = {
			isa = XCConfigurationList;
			buildConfigurations = (
				6310932F27E5D5EB008B3CAF /* Debug */,
				6310933027E5D5EB008B3CAF /* Release */,
			);
			defaultConfigurationIsVisible = 0;
			defaultConfigurationName = Release;
		};
/* End XCConfigurationList section */
	};
	rootObject = 6310931227E5D5EB008B3CAF /* Project object */;
}
